{
  "name": "playwright",
  "version": "1.0.0",
  "lockfileVersion": 2,
  "requires": true,
  "packages": {
    "": {
      "name": "playwright",
      "version": "1.0.0",
      "license": "ISC",
      "dependencies": {
        "dotenv": "^16.0.3",
        "node-fetch": "^3.3.1"
      },
      "devDependencies": {
        "@playwright/test": "^1.33.0",
        "@slack/types": "^2.8.0",
        "cross-env": "^7.0.3",
        "playwright-slack-report": "^1.1.3"
      }
    },
    "node_modules/@playwright/test": {
      "version": "1.33.0",
      "resolved": "https://registry.npmjs.org/@playwright/test/-/test-1.33.0.tgz",
      "integrity": "sha512-YunBa2mE7Hq4CfPkGzQRK916a4tuZoVx/EpLjeWlTVOnD4S2+fdaQZE0LJkbfhN5FTSKNLdcl7MoT5XB37bTkg==",
      "dev": true,
      "dependencies": {
        "@types/node": "*",
        "playwright-core": "1.33.0"
      },
      "bin": {
        "playwright": "cli.js"
      },
      "engines": {
        "node": ">=14"
      },
      "optionalDependencies": {
        "fsevents": "2.3.2"
      }
    },
    "node_modules/@slack/logger": {
      "version": "3.0.0",
      "resolved": "https://registry.npmjs.org/@slack/logger/-/logger-3.0.0.tgz",
      "integrity": "sha512-DTuBFbqu4gGfajREEMrkq5jBhcnskinhr4+AnfJEk48zhVeEv3XnUKGIX98B74kxhYsIMfApGGySTn7V3b5yBA==",
      "dev": true,
      "dependencies": {
        "@types/node": ">=12.0.0"
      },
      "engines": {
        "node": ">= 12.13.0",
        "npm": ">= 6.12.0"
      }
    },
    "node_modules/@slack/types": {
      "version": "2.8.0",
      "resolved": "https://registry.npmjs.org/@slack/types/-/types-2.8.0.tgz",
      "integrity": "sha512-ghdfZSF0b4NC9ckBA8QnQgC9DJw2ZceDq0BIjjRSv6XAZBXJdWgxIsYz0TYnWSiqsKZGH2ZXbj9jYABZdH3OSQ==",
      "dev": true,
      "engines": {
        "node": ">= 12.13.0",
        "npm": ">= 6.12.0"
      }
    },
    "node_modules/@slack/web-api": {
      "version": "6.8.1",
      "resolved": "https://registry.npmjs.org/@slack/web-api/-/web-api-6.8.1.tgz",
      "integrity": "sha512-eMPk2S99S613gcu7odSw/LV+Qxr8A+RXvBD0GYW510wJuTERiTjP5TgCsH8X09+lxSumbDE88wvWbuFuvGa74g==",
      "dev": true,
      "dependencies": {
        "@slack/logger": "^3.0.0",
        "@slack/types": "^2.0.0",
        "@types/is-stream": "^1.1.0",
        "@types/node": ">=12.0.0",
        "axios": "^0.27.2",
        "eventemitter3": "^3.1.0",
        "form-data": "^2.5.0",
        "is-electron": "2.2.0",
        "is-stream": "^1.1.0",
        "p-queue": "^6.6.1",
        "p-retry": "^4.0.0"
      },
      "engines": {
        "node": ">= 12.13.0",
        "npm": ">= 6.12.0"
      }
    },
    "node_modules/@types/is-stream": {
      "version": "1.1.0",
      "resolved": "https://registry.npmjs.org/@types/is-stream/-/is-stream-1.1.0.tgz",
      "integrity": "sha512-jkZatu4QVbR60mpIzjINmtS1ZF4a/FqdTUTBeQDVOQ2PYyidtwFKr0B5G6ERukKwliq+7mIXvxyppwzG5EgRYg==",
      "dev": true,
      "dependencies": {
        "@types/node": "*"
      }
    },
    "node_modules/@types/node": {
      "version": "20.1.0",
      "resolved": "https://registry.npmjs.org/@types/node/-/node-20.1.0.tgz",
      "integrity": "sha512-O+z53uwx64xY7D6roOi4+jApDGFg0qn6WHcxe5QeqjMaTezBO/mxdfFXIVAVVyNWKx84OmPB3L8kbVYOTeN34A==",
      "dev": true
    },
    "node_modules/@types/retry": {
      "version": "0.12.0",
      "resolved": "https://registry.npmjs.org/@types/retry/-/retry-0.12.0.tgz",
      "integrity": "sha512-wWKOClTTiizcZhXnPY4wikVAwmdYHp8q6DmC+EJUzAMsycb7HB32Kh9RN4+0gExjmPmZSAQjgURXIGATPegAvA==",
      "dev": true
    },
    "node_modules/asynckit": {
      "version": "0.4.0",
      "resolved": "https://registry.npmjs.org/asynckit/-/asynckit-0.4.0.tgz",
      "integrity": "sha512-Oei9OH4tRh0YqU3GxhX79dM/mwVgvbZJaSNaRk+bshkj0S5cfHcgYakreBjrHwatXKbz+IoIdYLxrKim2MjW0Q==",
      "dev": true
    },
    "node_modules/axios": {
      "version": "0.27.2",
      "resolved": "https://registry.npmjs.org/axios/-/axios-0.27.2.tgz",
      "integrity": "sha512-t+yRIyySRTp/wua5xEr+z1q60QmLq8ABsS5O9Me1AsE5dfKqgnCFzwiCZZ/cGNd1lq4/7akDWMxdhVlucjmnOQ==",
      "dev": true,
      "dependencies": {
        "follow-redirects": "^1.14.9",
        "form-data": "^4.0.0"
      }
    },
    "node_modules/axios/node_modules/form-data": {
      "version": "4.0.0",
      "resolved": "https://registry.npmjs.org/form-data/-/form-data-4.0.0.tgz",
      "integrity": "sha512-ETEklSGi5t0QMZuiXoA/Q6vcnxcLQP5vdugSpuAyi6SVGi2clPPp+xgEhuMaHC+zGgn31Kd235W35f7Hykkaww==",
      "dev": true,
      "dependencies": {
        "asynckit": "^0.4.0",
        "combined-stream": "^1.0.8",
        "mime-types": "^2.1.12"
      },
      "engines": {
        "node": ">= 6"
      }
    },
    "node_modules/combined-stream": {
      "version": "1.0.8",
      "resolved": "https://registry.npmjs.org/combined-stream/-/combined-stream-1.0.8.tgz",
      "integrity": "sha512-FQN4MRfuJeHf7cBbBMJFXhKSDq+2kAArBlmRBvcvFE5BB1HZKXtSFASDhdlz9zOYwxh8lDdnvmMOe/+5cdoEdg==",
      "dev": true,
      "dependencies": {
        "delayed-stream": "~1.0.0"
      },
      "engines": {
        "node": ">= 0.8"
      }
    },
    "node_modules/cross-env": {
      "version": "7.0.3",
      "resolved": "https://registry.npmjs.org/cross-env/-/cross-env-7.0.3.tgz",
      "integrity": "sha512-+/HKd6EgcQCJGh2PSjZuUitQBQynKor4wrFbRg4DtAgS1aWO+gU52xpH7M9ScGgXSYmAVS9bIJ8EzuaGw0oNAw==",
      "dev": true,
      "dependencies": {
        "cross-spawn": "^7.0.1"
      },
      "bin": {
        "cross-env": "src/bin/cross-env.js",
        "cross-env-shell": "src/bin/cross-env-shell.js"
      },
      "engines": {
        "node": ">=10.14",
        "npm": ">=6",
        "yarn": ">=1"
      }
    },
    "node_modules/cross-spawn": {
      "version": "7.0.3",
      "resolved": "https://registry.npmjs.org/cross-spawn/-/cross-spawn-7.0.3.tgz",
      "integrity": "sha512-iRDPJKUPVEND7dHPO8rkbOnPpyDygcDFtWjpeWNCgy8WP2rXcxXL8TskReQl6OrB2G7+UJrags1q15Fudc7G6w==",
      "dev": true,
      "dependencies": {
        "path-key": "^3.1.0",
        "shebang-command": "^2.0.0",
        "which": "^2.0.1"
      },
      "engines": {
        "node": ">= 8"
      }
    },
    "node_modules/data-uri-to-buffer": {
      "version": "4.0.1",
      "resolved": "https://registry.npmjs.org/data-uri-to-buffer/-/data-uri-to-buffer-4.0.1.tgz",
      "integrity": "sha512-0R9ikRb668HB7QDxT1vkpuUBtqc53YyAwMwGeUFKRojY/NWKvdZ+9UYtRfGmhqNbRkTSVpMbmyhXipFFv2cb/A==",
      "engines": {
        "node": ">= 12"
      }
    },
    "node_modules/delayed-stream": {
      "version": "1.0.0",
      "resolved": "https://registry.npmjs.org/delayed-stream/-/delayed-stream-1.0.0.tgz",
      "integrity": "sha512-ZySD7Nf91aLB0RxL4KGrKHBXl7Eds1DAmEdcoVawXnLD7SDhpNgtuII2aAkg7a7QS41jxPSZ17p4VdGnMHk3MQ==",
      "dev": true,
      "engines": {
        "node": ">=0.4.0"
      }
    },
    "node_modules/dotenv": {
      "version": "16.0.3",
      "resolved": "https://registry.npmjs.org/dotenv/-/dotenv-16.0.3.tgz",
      "integrity": "sha512-7GO6HghkA5fYG9TYnNxi14/7K9f5occMlp3zXAuSxn7CKCxt9xbNWG7yF8hTCSUchlfWSe3uLmlPfigevRItzQ==",
      "engines": {
        "node": ">=12"
      }
    },
    "node_modules/eventemitter3": {
      "version": "3.1.2",
      "resolved": "https://registry.npmjs.org/eventemitter3/-/eventemitter3-3.1.2.tgz",
      "integrity": "sha512-tvtQIeLVHjDkJYnzf2dgVMxfuSGJeM/7UCG17TT4EumTfNtF+0nebF/4zWOIkCreAbtNqhGEboB6BWrwqNaw4Q==",
      "dev": true
    },
    "node_modules/fetch-blob": {
      "version": "3.2.0",
      "resolved": "https://registry.npmjs.org/fetch-blob/-/fetch-blob-3.2.0.tgz",
      "integrity": "sha512-7yAQpD2UMJzLi1Dqv7qFYnPbaPx7ZfFK6PiIxQ4PfkGPyNyl2Ugx+a/umUonmKqjhM4DnfbMvdX6otXq83soQQ==",
      "funding": [
        {
          "type": "github",
          "url": "https://github.com/sponsors/jimmywarting"
        },
        {
          "type": "paypal",
          "url": "https://paypal.me/jimmywarting"
        }
      ],
      "dependencies": {
        "node-domexception": "^1.0.0",
        "web-streams-polyfill": "^3.0.3"
      },
      "engines": {
        "node": "^12.20 || >= 14.13"
      }
    },
    "node_modules/follow-redirects": {
      "version": "1.15.2",
      "resolved": "https://registry.npmjs.org/follow-redirects/-/follow-redirects-1.15.2.tgz",
      "integrity": "sha512-VQLG33o04KaQ8uYi2tVNbdrWp1QWxNNea+nmIB4EVM28v0hmP17z7aG1+wAkNzVq4KeXTq3221ye5qTJP91JwA==",
      "dev": true,
      "funding": [
        {
          "type": "individual",
          "url": "https://github.com/sponsors/RubenVerborgh"
        }
      ],
      "engines": {
        "node": ">=4.0"
      },
      "peerDependenciesMeta": {
        "debug": {
          "optional": true
        }
      }
    },
    "node_modules/form-data": {
      "version": "2.5.1",
      "resolved": "https://registry.npmjs.org/form-data/-/form-data-2.5.1.tgz",
      "integrity": "sha512-m21N3WOmEEURgk6B9GLOE4RuWOFf28Lhh9qGYeNlGq4VDXUlJy2th2slBNU8Gp8EzloYZOibZJ7t5ecIrFSjVA==",
      "dev": true,
      "dependencies": {
        "asynckit": "^0.4.0",
        "combined-stream": "^1.0.6",
        "mime-types": "^2.1.12"
      },
      "engines": {
        "node": ">= 0.12"
      }
    },
    "node_modules/formdata-polyfill": {
      "version": "4.0.10",
      "resolved": "https://registry.npmjs.org/formdata-polyfill/-/formdata-polyfill-4.0.10.tgz",
      "integrity": "sha512-buewHzMvYL29jdeQTVILecSaZKnt/RJWjoZCF5OW60Z67/GmSLBkOFM7qh1PI3zFNtJbaZL5eQu1vLfazOwj4g==",
      "dependencies": {
        "fetch-blob": "^3.1.2"
      },
      "engines": {
        "node": ">=12.20.0"
      }
    },
    "node_modules/fsevents": {
      "version": "2.3.2",
      "resolved": "https://registry.npmjs.org/fsevents/-/fsevents-2.3.2.tgz",
      "integrity": "sha512-xiqMQR4xAeHTuB9uWm+fFRcIOgKBMiOBP+eXiyT7jsgVCq1bkVygt00oASowB7EdtpOHaaPgKt812P9ab+DDKA==",
      "dev": true,
      "hasInstallScript": true,
      "optional": true,
      "os": [
        "darwin"
      ],
      "engines": {
        "node": "^8.16.0 || ^10.6.0 || >=11.0.0"
      }
    },
    "node_modules/is-electron": {
      "version": "2.2.0",
      "resolved": "https://registry.npmjs.org/is-electron/-/is-electron-2.2.0.tgz",
      "integrity": "sha512-SpMppC2XR3YdxSzczXReBjqs2zGscWQpBIKqwXYBFic0ERaxNVgwLCHwOLZeESfdJQjX0RDvrJ1lBXX2ij+G1Q==",
      "dev": true
    },
    "node_modules/is-stream": {
      "version": "1.1.0",
      "resolved": "https://registry.npmjs.org/is-stream/-/is-stream-1.1.0.tgz",
      "integrity": "sha512-uQPm8kcs47jx38atAcWTVxyltQYoPT68y9aWYdV6yWXSyW8mzSat0TL6CiWdZeCdF3KrAvpVtnHbTv4RN+rqdQ==",
      "dev": true,
      "engines": {
        "node": ">=0.10.0"
      }
    },
    "node_modules/isexe": {
      "version": "2.0.0",
      "resolved": "https://registry.npmjs.org/isexe/-/isexe-2.0.0.tgz",
      "integrity": "sha512-RHxMLp9lnKHGHRng9QFhRCMbYAcVpn69smSGcq3f36xjgVVWThj4qqLbTLlq7Ssj8B+fIQ1EuCEGI2lKsyQeIw==",
      "dev": true
    },
    "node_modules/mime-db": {
      "version": "1.52.0",
      "resolved": "https://registry.npmjs.org/mime-db/-/mime-db-1.52.0.tgz",
      "integrity": "sha512-sPU4uV7dYlvtWJxwwxHD0PuihVNiE7TyAbQ5SWxDCB9mUYvOgroQOwYQQOKPJ8CIbE+1ETVlOoK1UC2nU3gYvg==",
      "dev": true,
      "engines": {
        "node": ">= 0.6"
      }
    },
    "node_modules/mime-types": {
      "version": "2.1.35",
      "resolved": "https://registry.npmjs.org/mime-types/-/mime-types-2.1.35.tgz",
      "integrity": "sha512-ZDY+bPm5zTTF+YpCrAU9nK0UgICYPT0QtT1NZWFv4s++TNkcgVaT0g6+4R2uI4MjQjzysHB1zxuWL50hzaeXiw==",
      "dev": true,
      "dependencies": {
        "mime-db": "1.52.0"
      },
      "engines": {
        "node": ">= 0.6"
      }
    },
    "node_modules/node-domexception": {
      "version": "1.0.0",
      "resolved": "https://registry.npmjs.org/node-domexception/-/node-domexception-1.0.0.tgz",
      "integrity": "sha512-/jKZoMpw0F8GRwl4/eLROPA3cfcXtLApP0QzLmUT/HuPCZWyB7IY9ZrMeKw2O/nFIqPQB3PVM9aYm0F312AXDQ==",
      "funding": [
        {
          "type": "github",
          "url": "https://github.com/sponsors/jimmywarting"
        },
        {
          "type": "github",
          "url": "https://paypal.me/jimmywarting"
        }
      ],
      "engines": {
        "node": ">=10.5.0"
      }
    },
    "node_modules/node-fetch": {
      "version": "3.3.1",
      "resolved": "https://registry.npmjs.org/node-fetch/-/node-fetch-3.3.1.tgz",
      "integrity": "sha512-cRVc/kyto/7E5shrWca1Wsea4y6tL9iYJE5FBCius3JQfb/4P4I295PfhgbJQBLTx6lATE4z+wK0rPM4VS2uow==",
      "dependencies": {
        "data-uri-to-buffer": "^4.0.0",
        "fetch-blob": "^3.1.4",
        "formdata-polyfill": "^4.0.10"
      },
      "engines": {
        "node": "^12.20.0 || ^14.13.1 || >=16.0.0"
      },
      "funding": {
        "type": "opencollective",
        "url": "https://opencollective.com/node-fetch"
      }
    },
    "node_modules/p-finally": {
      "version": "1.0.0",
      "resolved": "https://registry.npmjs.org/p-finally/-/p-finally-1.0.0.tgz",
      "integrity": "sha512-LICb2p9CB7FS+0eR1oqWnHhp0FljGLZCWBE9aix0Uye9W8LTQPwMTYVGWQWIw9RdQiDg4+epXQODwIYJtSJaow==",
      "dev": true,
      "engines": {
        "node": ">=4"
      }
    },
    "node_modules/p-queue": {
      "version": "6.6.2",
      "resolved": "https://registry.npmjs.org/p-queue/-/p-queue-6.6.2.tgz",
      "integrity": "sha512-RwFpb72c/BhQLEXIZ5K2e+AhgNVmIejGlTgiB9MzZ0e93GRvqZ7uSi0dvRF7/XIXDeNkra2fNHBxTyPDGySpjQ==",
      "dev": true,
      "dependencies": {
        "eventemitter3": "^4.0.4",
        "p-timeout": "^3.2.0"
      },
      "engines": {
        "node": ">=8"
      },
      "funding": {
        "url": "https://github.com/sponsors/sindresorhus"
      }
    },
    "node_modules/p-queue/node_modules/eventemitter3": {
      "version": "4.0.7",
      "resolved": "https://registry.npmjs.org/eventemitter3/-/eventemitter3-4.0.7.tgz",
      "integrity": "sha512-8guHBZCwKnFhYdHr2ysuRWErTwhoN2X8XELRlrRwpmfeY2jjuUN4taQMsULKUVo1K4DvZl+0pgfyoysHxvmvEw==",
      "dev": true
    },
    "node_modules/p-retry": {
      "version": "4.6.2",
      "resolved": "https://registry.npmjs.org/p-retry/-/p-retry-4.6.2.tgz",
      "integrity": "sha512-312Id396EbJdvRONlngUx0NydfrIQ5lsYu0znKVUzVvArzEIt08V1qhtyESbGVd1FGX7UKtiFp5uwKZdM8wIuQ==",
      "dev": true,
      "dependencies": {
        "@types/retry": "0.12.0",
        "retry": "^0.13.1"
      },
      "engines": {
        "node": ">=8"
      }
    },
    "node_modules/p-timeout": {
      "version": "3.2.0",
      "resolved": "https://registry.npmjs.org/p-timeout/-/p-timeout-3.2.0.tgz",
      "integrity": "sha512-rhIwUycgwwKcP9yTOOFK/AKsAopjjCakVqLHePO3CC6Mir1Z99xT+R63jZxAT5lFZLa2inS5h+ZS2GvR99/FBg==",
      "dev": true,
      "dependencies": {
        "p-finally": "^1.0.0"
      },
      "engines": {
        "node": ">=8"
      }
    },
    "node_modules/path-key": {
      "version": "3.1.1",
      "resolved": "https://registry.npmjs.org/path-key/-/path-key-3.1.1.tgz",
      "integrity": "sha512-ojmeN0qd+y0jszEtoY48r0Peq5dwMEkIlCOu6Q5f41lfkswXuKtYrhgoTpLnyIcHm24Uhqx+5Tqm2InSwLhE6Q==",
      "dev": true,
      "engines": {
        "node": ">=8"
      }
    },
    "node_modules/playwright-core": {
      "version": "1.33.0",
      "resolved": "https://registry.npmjs.org/playwright-core/-/playwright-core-1.33.0.tgz",
      "integrity": "sha512-aizyPE1Cj62vAECdph1iaMILpT0WUDCq3E6rW6I+dleSbBoGbktvJtzS6VHkZ4DKNEOG9qJpiom/ZxO+S15LAw==",
      "dev": true,
      "bin": {
        "playwright": "cli.js"
      },
      "engines": {
        "node": ">=14"
      }
    },
    "node_modules/playwright-slack-report": {
      "version": "1.1.3",
      "resolved": "https://registry.npmjs.org/playwright-slack-report/-/playwright-slack-report-1.1.3.tgz",
      "integrity": "sha512-LQWMNbnNP1AI4T/PPZT2TdOHzepxsSlcY6ST0mvr7PWSQXO2NDWQ4udP6RM3SsaKHmHsXj61DAOBIluk51PKvQ==",
      "dev": true,
      "dependencies": {
        "@slack/web-api": "^6.7.2"
      }
    },
    "node_modules/retry": {
      "version": "0.13.1",
      "resolved": "https://registry.npmjs.org/retry/-/retry-0.13.1.tgz",
      "integrity": "sha512-XQBQ3I8W1Cge0Seh+6gjj03LbmRFWuoszgK9ooCpwYIrhhoO80pfq4cUkU5DkknwfOfFteRwlZ56PYOGYyFWdg==",
      "dev": true,
      "engines": {
        "node": ">= 4"
      }
    },
    "node_modules/shebang-command": {
      "version": "2.0.0",
      "resolved": "https://registry.npmjs.org/shebang-command/-/shebang-command-2.0.0.tgz",
      "integrity": "sha512-kHxr2zZpYtdmrN1qDjrrX/Z1rR1kG8Dx+gkpK1G4eXmvXswmcE1hTWBWYUzlraYw1/yZp6YuDY77YtvbN0dmDA==",
      "dev": true,
      "dependencies": {
        "shebang-regex": "^3.0.0"
      },
      "engines": {
        "node": ">=8"
      }
    },
    "node_modules/shebang-regex": {
      "version": "3.0.0",
      "resolved": "https://registry.npmjs.org/shebang-regex/-/shebang-regex-3.0.0.tgz",
      "integrity": "sha512-7++dFhtcx3353uBaq8DDR4NuxBetBzC7ZQOhmTQInHEd6bSrXdiEyzCvG07Z44UYdLShWUyXt5M/yhz8ekcb1A==",
      "dev": true,
      "engines": {
        "node": ">=8"
      }
    },
    "node_modules/web-streams-polyfill": {
      "version": "3.2.1",
      "resolved": "https://registry.npmjs.org/web-streams-polyfill/-/web-streams-polyfill-3.2.1.tgz",
      "integrity": "sha512-e0MO3wdXWKrLbL0DgGnUV7WHVuw9OUvL4hjgnPkIeEvESk74gAITi5G606JtZPp39cd8HA9VQzCIvA49LpPN5Q==",
      "engines": {
        "node": ">= 8"
      }
    },
    "node_modules/which": {
      "version": "2.0.2",
      "resolved": "https://registry.npmjs.org/which/-/which-2.0.2.tgz",
      "integrity": "sha512-BLI3Tl1TW3Pvl70l3yq3Y64i+awpwXqsGBYWkkqMtnbXgrMD+yj7rhW0kuEDxzJaYXGjEW5ogapKNMEKNMjibA==",
      "dev": true,
      "dependencies": {
        "isexe": "^2.0.0"
      },
      "bin": {
        "node-which": "bin/node-which"
      },
      "engines": {
        "node": ">= 8"
      }
    }
  },
  "dependencies": {
    "@playwright/test": {
      "version": "1.33.0",
      "resolved": "https://registry.npmjs.org/@playwright/test/-/test-1.33.0.tgz",
      "integrity": "sha512-YunBa2mE7Hq4CfPkGzQRK916a4tuZoVx/EpLjeWlTVOnD4S2+fdaQZE0LJkbfhN5FTSKNLdcl7MoT5XB37bTkg==",
      "dev": true,
      "requires": {
        "@types/node": "*",
        "fsevents": "2.3.2",
        "playwright-core": "1.33.0"
      }
    },
    "@slack/logger": {
      "version": "3.0.0",
      "resolved": "https://registry.npmjs.org/@slack/logger/-/logger-3.0.0.tgz",
      "integrity": "sha512-DTuBFbqu4gGfajREEMrkq5jBhcnskinhr4+AnfJEk48zhVeEv3XnUKGIX98B74kxhYsIMfApGGySTn7V3b5yBA==",
      "dev": true,
      "requires": {
        "@types/node": ">=12.0.0"
      }
    },
    "@slack/types": {
      "version": "2.8.0",
      "resolved": "https://registry.npmjs.org/@slack/types/-/types-2.8.0.tgz",
      "integrity": "sha512-ghdfZSF0b4NC9ckBA8QnQgC9DJw2ZceDq0BIjjRSv6XAZBXJdWgxIsYz0TYnWSiqsKZGH2ZXbj9jYABZdH3OSQ==",
      "dev": true
    },
    "@slack/web-api": {
      "version": "6.8.1",
      "resolved": "https://registry.npmjs.org/@slack/web-api/-/web-api-6.8.1.tgz",
      "integrity": "sha512-eMPk2S99S613gcu7odSw/LV+Qxr8A+RXvBD0GYW510wJuTERiTjP5TgCsH8X09+lxSumbDE88wvWbuFuvGa74g==",
      "dev": true,
      "requires": {
        "@slack/logger": "^3.0.0",
        "@slack/types": "^2.0.0",
        "@types/is-stream": "^1.1.0",
        "@types/node": ">=12.0.0",
        "axios": "^0.27.2",
        "eventemitter3": "^3.1.0",
        "form-data": "^2.5.0",
        "is-electron": "2.2.0",
        "is-stream": "^1.1.0",
        "p-queue": "^6.6.1",
        "p-retry": "^4.0.0"
      }
    },
    "@types/is-stream": {
      "version": "1.1.0",
      "resolved": "https://registry.npmjs.org/@types/is-stream/-/is-stream-1.1.0.tgz",
      "integrity": "sha512-jkZatu4QVbR60mpIzjINmtS1ZF4a/FqdTUTBeQDVOQ2PYyidtwFKr0B5G6ERukKwliq+7mIXvxyppwzG5EgRYg==",
      "dev": true,
      "requires": {
        "@types/node": "*"
      }
    },
    "@types/node": {
      "version": "20.1.0",
      "resolved": "https://registry.npmjs.org/@types/node/-/node-20.1.0.tgz",
      "integrity": "sha512-O+z53uwx64xY7D6roOi4+jApDGFg0qn6WHcxe5QeqjMaTezBO/mxdfFXIVAVVyNWKx84OmPB3L8kbVYOTeN34A==",
      "dev": true
    },
    "@types/retry": {
      "version": "0.12.0",
      "resolved": "https://registry.npmjs.org/@types/retry/-/retry-0.12.0.tgz",
      "integrity": "sha512-wWKOClTTiizcZhXnPY4wikVAwmdYHp8q6DmC+EJUzAMsycb7HB32Kh9RN4+0gExjmPmZSAQjgURXIGATPegAvA==",
      "dev": true
    },
    "asynckit": {
      "version": "0.4.0",
      "resolved": "https://registry.npmjs.org/asynckit/-/asynckit-0.4.0.tgz",
      "integrity": "sha512-Oei9OH4tRh0YqU3GxhX79dM/mwVgvbZJaSNaRk+bshkj0S5cfHcgYakreBjrHwatXKbz+IoIdYLxrKim2MjW0Q==",
      "dev": true
    },
    "axios": {
      "version": "0.27.2",
      "resolved": "https://registry.npmjs.org/axios/-/axios-0.27.2.tgz",
      "integrity": "sha512-t+yRIyySRTp/wua5xEr+z1q60QmLq8ABsS5O9Me1AsE5dfKqgnCFzwiCZZ/cGNd1lq4/7akDWMxdhVlucjmnOQ==",
      "dev": true,
      "requires": {
        "follow-redirects": "^1.14.9",
        "form-data": "^4.0.0"
      },
      "dependencies": {
        "form-data": {
          "version": "4.0.0",
          "resolved": "https://registry.npmjs.org/form-data/-/form-data-4.0.0.tgz",
          "integrity": "sha512-ETEklSGi5t0QMZuiXoA/Q6vcnxcLQP5vdugSpuAyi6SVGi2clPPp+xgEhuMaHC+zGgn31Kd235W35f7Hykkaww==",
          "dev": true,
          "requires": {
            "asynckit": "^0.4.0",
            "combined-stream": "^1.0.8",
            "mime-types": "^2.1.12"
          }
        }
      }
    },
    "combined-stream": {
      "version": "1.0.8",
      "resolved": "https://registry.npmjs.org/combined-stream/-/combined-stream-1.0.8.tgz",
      "integrity": "sha512-FQN4MRfuJeHf7cBbBMJFXhKSDq+2kAArBlmRBvcvFE5BB1HZKXtSFASDhdlz9zOYwxh8lDdnvmMOe/+5cdoEdg==",
      "dev": true,
      "requires": {
        "delayed-stream": "~1.0.0"
      }
    },
    "cross-env": {
      "version": "7.0.3",
      "resolved": "https://registry.npmjs.org/cross-env/-/cross-env-7.0.3.tgz",
      "integrity": "sha512-+/HKd6EgcQCJGh2PSjZuUitQBQynKor4wrFbRg4DtAgS1aWO+gU52xpH7M9ScGgXSYmAVS9bIJ8EzuaGw0oNAw==",
      "dev": true,
      "requires": {
        "cross-spawn": "^7.0.1"
      }
    },
    "cross-spawn": {
      "version": "7.0.3",
      "resolved": "https://registry.npmjs.org/cross-spawn/-/cross-spawn-7.0.3.tgz",
      "integrity": "sha512-iRDPJKUPVEND7dHPO8rkbOnPpyDygcDFtWjpeWNCgy8WP2rXcxXL8TskReQl6OrB2G7+UJrags1q15Fudc7G6w==",
      "dev": true,
      "requires": {
        "path-key": "^3.1.0",
        "shebang-command": "^2.0.0",
        "which": "^2.0.1"
      }
    },
    "data-uri-to-buffer": {
      "version": "4.0.1",
      "resolved": "https://registry.npmjs.org/data-uri-to-buffer/-/data-uri-to-buffer-4.0.1.tgz",
      "integrity": "sha512-0R9ikRb668HB7QDxT1vkpuUBtqc53YyAwMwGeUFKRojY/NWKvdZ+9UYtRfGmhqNbRkTSVpMbmyhXipFFv2cb/A=="
    },
    "delayed-stream": {
      "version": "1.0.0",
      "resolved": "https://registry.npmjs.org/delayed-stream/-/delayed-stream-1.0.0.tgz",
      "integrity": "sha512-ZySD7Nf91aLB0RxL4KGrKHBXl7Eds1DAmEdcoVawXnLD7SDhpNgtuII2aAkg7a7QS41jxPSZ17p4VdGnMHk3MQ==",
      "dev": true
    },
    "dotenv": {
      "version": "16.0.3",
      "resolved": "https://registry.npmjs.org/dotenv/-/dotenv-16.0.3.tgz",
      "integrity": "sha512-7GO6HghkA5fYG9TYnNxi14/7K9f5occMlp3zXAuSxn7CKCxt9xbNWG7yF8hTCSUchlfWSe3uLmlPfigevRItzQ=="
    },
    "eventemitter3": {
      "version": "3.1.2",
      "resolved": "https://registry.npmjs.org/eventemitter3/-/eventemitter3-3.1.2.tgz",
      "integrity": "sha512-tvtQIeLVHjDkJYnzf2dgVMxfuSGJeM/7UCG17TT4EumTfNtF+0nebF/4zWOIkCreAbtNqhGEboB6BWrwqNaw4Q==",
      "dev": true
    },
    "fetch-blob": {
      "version": "3.2.0",
      "resolved": "https://registry.npmjs.org/fetch-blob/-/fetch-blob-3.2.0.tgz",
      "integrity": "sha512-7yAQpD2UMJzLi1Dqv7qFYnPbaPx7ZfFK6PiIxQ4PfkGPyNyl2Ugx+a/umUonmKqjhM4DnfbMvdX6otXq83soQQ==",
      "requires": {
        "node-domexception": "^1.0.0",
        "web-streams-polyfill": "^3.0.3"
      }
    },
    "follow-redirects": {
      "version": "1.15.2",
      "resolved": "https://registry.npmjs.org/follow-redirects/-/follow-redirects-1.15.2.tgz",
      "integrity": "sha512-VQLG33o04KaQ8uYi2tVNbdrWp1QWxNNea+nmIB4EVM28v0hmP17z7aG1+wAkNzVq4KeXTq3221ye5qTJP91JwA==",
      "dev": true
    },
    "form-data": {
      "version": "2.5.1",
      "resolved": "https://registry.npmjs.org/form-data/-/form-data-2.5.1.tgz",
      "integrity": "sha512-m21N3WOmEEURgk6B9GLOE4RuWOFf28Lhh9qGYeNlGq4VDXUlJy2th2slBNU8Gp8EzloYZOibZJ7t5ecIrFSjVA==",
      "dev": true,
      "requires": {
        "asynckit": "^0.4.0",
        "combined-stream": "^1.0.6",
        "mime-types": "^2.1.12"
      }
    },
    "formdata-polyfill": {
      "version": "4.0.10",
      "resolved": "https://registry.npmjs.org/formdata-polyfill/-/formdata-polyfill-4.0.10.tgz",
      "integrity": "sha512-buewHzMvYL29jdeQTVILecSaZKnt/RJWjoZCF5OW60Z67/GmSLBkOFM7qh1PI3zFNtJbaZL5eQu1vLfazOwj4g==",
      "requires": {
        "fetch-blob": "^3.1.2"
      }
    },
    "fsevents": {
      "version": "2.3.2",
      "resolved": "https://registry.npmjs.org/fsevents/-/fsevents-2.3.2.tgz",
      "integrity": "sha512-xiqMQR4xAeHTuB9uWm+fFRcIOgKBMiOBP+eXiyT7jsgVCq1bkVygt00oASowB7EdtpOHaaPgKt812P9ab+DDKA==",
      "dev": true,
      "optional": true
    },
    "is-electron": {
      "version": "2.2.0",
      "resolved": "https://registry.npmjs.org/is-electron/-/is-electron-2.2.0.tgz",
      "integrity": "sha512-SpMppC2XR3YdxSzczXReBjqs2zGscWQpBIKqwXYBFic0ERaxNVgwLCHwOLZeESfdJQjX0RDvrJ1lBXX2ij+G1Q==",
      "dev": true
    },
    "is-stream": {
      "version": "1.1.0",
      "resolved": "https://registry.npmjs.org/is-stream/-/is-stream-1.1.0.tgz",
      "integrity": "sha512-uQPm8kcs47jx38atAcWTVxyltQYoPT68y9aWYdV6yWXSyW8mzSat0TL6CiWdZeCdF3KrAvpVtnHbTv4RN+rqdQ==",
      "dev": true
    },
    "isexe": {
      "version": "2.0.0",
      "resolved": "https://registry.npmjs.org/isexe/-/isexe-2.0.0.tgz",
      "integrity": "sha512-RHxMLp9lnKHGHRng9QFhRCMbYAcVpn69smSGcq3f36xjgVVWThj4qqLbTLlq7Ssj8B+fIQ1EuCEGI2lKsyQeIw==",
      "dev": true
    },
    "mime-db": {
      "version": "1.52.0",
      "resolved": "https://registry.npmjs.org/mime-db/-/mime-db-1.52.0.tgz",
      "integrity": "sha512-sPU4uV7dYlvtWJxwwxHD0PuihVNiE7TyAbQ5SWxDCB9mUYvOgroQOwYQQOKPJ8CIbE+1ETVlOoK1UC2nU3gYvg==",
      "dev": true
    },
    "mime-types": {
      "version": "2.1.35",
      "resolved": "https://registry.npmjs.org/mime-types/-/mime-types-2.1.35.tgz",
      "integrity": "sha512-ZDY+bPm5zTTF+YpCrAU9nK0UgICYPT0QtT1NZWFv4s++TNkcgVaT0g6+4R2uI4MjQjzysHB1zxuWL50hzaeXiw==",
      "dev": true,
      "requires": {
        "mime-db": "1.52.0"
      }
    },
    "node-domexception": {
      "version": "1.0.0",
      "resolved": "https://registry.npmjs.org/node-domexception/-/node-domexception-1.0.0.tgz",
      "integrity": "sha512-/jKZoMpw0F8GRwl4/eLROPA3cfcXtLApP0QzLmUT/HuPCZWyB7IY9ZrMeKw2O/nFIqPQB3PVM9aYm0F312AXDQ=="
    },
    "node-fetch": {
      "version": "3.3.1",
      "resolved": "https://registry.npmjs.org/node-fetch/-/node-fetch-3.3.1.tgz",
      "integrity": "sha512-cRVc/kyto/7E5shrWca1Wsea4y6tL9iYJE5FBCius3JQfb/4P4I295PfhgbJQBLTx6lATE4z+wK0rPM4VS2uow==",
      "requires": {
        "data-uri-to-buffer": "^4.0.0",
        "fetch-blob": "^3.1.4",
        "formdata-polyfill": "^4.0.10"
      }
    },
    "p-finally": {
      "version": "1.0.0",
      "resolved": "https://registry.npmjs.org/p-finally/-/p-finally-1.0.0.tgz",
      "integrity": "sha512-LICb2p9CB7FS+0eR1oqWnHhp0FljGLZCWBE9aix0Uye9W8LTQPwMTYVGWQWIw9RdQiDg4+epXQODwIYJtSJaow==",
      "dev": true
    },
    "p-queue": {
      "version": "6.6.2",
      "resolved": "https://registry.npmjs.org/p-queue/-/p-queue-6.6.2.tgz",
      "integrity": "sha512-RwFpb72c/BhQLEXIZ5K2e+AhgNVmIejGlTgiB9MzZ0e93GRvqZ7uSi0dvRF7/XIXDeNkra2fNHBxTyPDGySpjQ==",
      "dev": true,
      "requires": {
        "eventemitter3": "^4.0.4",
        "p-timeout": "^3.2.0"
      },
      "dependencies": {
        "eventemitter3": {
          "version": "4.0.7",
          "resolved": "https://registry.npmjs.org/eventemitter3/-/eventemitter3-4.0.7.tgz",
          "integrity": "sha512-8guHBZCwKnFhYdHr2ysuRWErTwhoN2X8XELRlrRwpmfeY2jjuUN4taQMsULKUVo1K4DvZl+0pgfyoysHxvmvEw==",
          "dev": true
        }
      }
    },
    "p-retry": {
      "version": "4.6.2",
      "resolved": "https://registry.npmjs.org/p-retry/-/p-retry-4.6.2.tgz",
      "integrity": "sha512-312Id396EbJdvRONlngUx0NydfrIQ5lsYu0znKVUzVvArzEIt08V1qhtyESbGVd1FGX7UKtiFp5uwKZdM8wIuQ==",
      "dev": true,
      "requires": {
        "@types/retry": "0.12.0",
        "retry": "^0.13.1"
      }
    },
    "p-timeout": {
      "version": "3.2.0",
      "resolved": "https://registry.npmjs.org/p-timeout/-/p-timeout-3.2.0.tgz",
      "integrity": "sha512-rhIwUycgwwKcP9yTOOFK/AKsAopjjCakVqLHePO3CC6Mir1Z99xT+R63jZxAT5lFZLa2inS5h+ZS2GvR99/FBg==",
      "dev": true,
      "requires": {
        "p-finally": "^1.0.0"
      }
    },
    "path-key": {
      "version": "3.1.1",
      "resolved": "https://registry.npmjs.org/path-key/-/path-key-3.1.1.tgz",
      "integrity": "sha512-ojmeN0qd+y0jszEtoY48r0Peq5dwMEkIlCOu6Q5f41lfkswXuKtYrhgoTpLnyIcHm24Uhqx+5Tqm2InSwLhE6Q==",
      "dev": true
    },
    "playwright-core": {
      "version": "1.33.0",
      "resolved": "https://registry.npmjs.org/playwright-core/-/playwright-core-1.33.0.tgz",
      "integrity": "sha512-aizyPE1Cj62vAECdph1iaMILpT0WUDCq3E6rW6I+dleSbBoGbktvJtzS6VHkZ4DKNEOG9qJpiom/ZxO+S15LAw==",
      "dev": true
    },
    "playwright-slack-report": {
      "version": "1.1.3",
      "resolved": "https://registry.npmjs.org/playwright-slack-report/-/playwright-slack-report-1.1.3.tgz",
      "integrity": "sha512-LQWMNbnNP1AI4T/PPZT2TdOHzepxsSlcY6ST0mvr7PWSQXO2NDWQ4udP6RM3SsaKHmHsXj61DAOBIluk51PKvQ==",
      "dev": true,
      "requires": {
        "@slack/web-api": "^6.7.2"
      }
    },
    "retry": {
      "version": "0.13.1",
      "resolved": "https://registry.npmjs.org/retry/-/retry-0.13.1.tgz",
      "integrity": "sha512-XQBQ3I8W1Cge0Seh+6gjj03LbmRFWuoszgK9ooCpwYIrhhoO80pfq4cUkU5DkknwfOfFteRwlZ56PYOGYyFWdg==",
      "dev": true
    },
    "shebang-command": {
      "version": "2.0.0",
      "resolved": "https://registry.npmjs.org/shebang-command/-/shebang-command-2.0.0.tgz",
      "integrity": "sha512-kHxr2zZpYtdmrN1qDjrrX/Z1rR1kG8Dx+gkpK1G4eXmvXswmcE1hTWBWYUzlraYw1/yZp6YuDY77YtvbN0dmDA==",
      "dev": true,
      "requires": {
        "shebang-regex": "^3.0.0"
      }
    },
    "shebang-regex": {
      "version": "3.0.0",
      "resolved": "https://registry.npmjs.org/shebang-regex/-/shebang-regex-3.0.0.tgz",
      "integrity": "sha512-7++dFhtcx3353uBaq8DDR4NuxBetBzC7ZQOhmTQInHEd6bSrXdiEyzCvG07Z44UYdLShWUyXt5M/yhz8ekcb1A==",
      "dev": true
    },
    "web-streams-polyfill": {
      "version": "3.2.1",
      "resolved": "https://registry.npmjs.org/web-streams-polyfill/-/web-streams-polyfill-3.2.1.tgz",
      "integrity": "sha512-e0MO3wdXWKrLbL0DgGnUV7WHVuw9OUvL4hjgnPkIeEvESk74gAITi5G606JtZPp39cd8HA9VQzCIvA49LpPN5Q=="
    },
    "which": {
      "version": "2.0.2",
      "resolved": "https://registry.npmjs.org/which/-/which-2.0.2.tgz",
      "integrity": "sha512-BLI3Tl1TW3Pvl70l3yq3Y64i+awpwXqsGBYWkkqMtnbXgrMD+yj7rhW0kuEDxzJaYXGjEW5ogapKNMEKNMjibA==",
      "dev": true,
      "requires": {
        "isexe": "^2.0.0"
      }
    }
  }
}
